<?xml version="1.0" encoding="utf-8"?>
<Project ToolsVersion="4.0" xmlns="http://schemas.microsoft.com/developer/msbuild/2003">
  <ItemGroup>
    <Filter Include="소스 파일">
      <UniqueIdentifier>{4FC737F1-C7A5-4376-A066-2A32D752A2FF}</UniqueIdentifier>
      <Extensions>cpp;c;cc;cxx;def;odl;idl;hpj;bat;asm;asmx</Extensions>
    </Filter>
    <Filter Include="헤더 파일">
      <UniqueIdentifier>{93995380-89BD-4b04-88EB-625FBE52EBFB}</UniqueIdentifier>
      <Extensions>h;hh;hpp;hxx;hm;inl;inc;ipp;xsd</Extensions>
    </Filter>
    <Filter Include="리소스 파일">
      <UniqueIdentifier>{67DA6AB6-F800-4c08-8B7A-83BB121AAD01}</UniqueIdentifier>
      <Extensions>rc;ico;cur;bmp;dlg;rc2;rct;bin;rgs;gif;jpg;jpeg;jpe;resx;tiff;tif;png;wav;mfcribbon-ms</Extensions>
    </Filter>
    <Filter Include="소스 파일\Baekjoon_STEP1">
      <UniqueIdentifier>{ddf51454-864e-40aa-82da-b5202f74649c}</UniqueIdentifier>
    </Filter>
    <Filter Include="소스 파일\CodingTest_L">
      <UniqueIdentifier>{f21c759a-c89e-4cda-825a-0a6f1b430e1a}</UniqueIdentifier>
    </Filter>
    <Filter Include="소스 파일\Baekjoon_STEP2">
      <UniqueIdentifier>{b91857a5-e4c9-4684-aa21-db2237f3c95d}</UniqueIdentifier>
    </Filter>
    <Filter Include="소스 파일\Baekjoon_STEP3">
      <UniqueIdentifier>{1ad03912-605d-4a99-aef6-161b6679751a}</UniqueIdentifier>
    </Filter>
    <Filter Include="소스 파일\Baekjoon_STEP4">
      <UniqueIdentifier>{5f622831-da04-4869-8f9d-fbf4c306e75b}</UniqueIdentifier>
    </Filter>
    <Filter Include="소스 파일\Baekjoon_STEP5">
      <UniqueIdentifier>{17a2f091-fec8-403a-babe-e111e55efe48}</UniqueIdentifier>
    </Filter>
    <Filter Include="소스 파일\프로그래머스_Level1">
      <UniqueIdentifier>{2906b152-68b3-4105-8d08-ee88fc86b452}</UniqueIdentifier>
    </Filter>
    <Filter Include="소스 파일\프로그래머스_Level2">
      <UniqueIdentifier>{9af50404-0aeb-4d91-bdf9-808f44c69afc}</UniqueIdentifier>
    </Filter>
    <Filter Include="소스 파일\프로그래머스_Level3">
      <UniqueIdentifier>{9872f31f-3fa8-49d4-8659-a9429f447016}</UniqueIdentifier>
    </Filter>
    <Filter Include="소스 파일\Baekjoon_STEP6">
      <UniqueIdentifier>{7d34c948-37e1-43f5-9b6a-114d498d63f6}</UniqueIdentifier>
    </Filter>
    <Filter Include="소스 파일\프로그래머스_Level4">
      <UniqueIdentifier>{6aa2234c-258e-4e2d-aa1f-b731a044a689}</UniqueIdentifier>
    </Filter>
    <Filter Include="소스 파일\백준_삼성SW역량테스트기출">
      <UniqueIdentifier>{c48a941c-5741-4247-a298-88996cf0db39}</UniqueIdentifier>
    </Filter>
    <Filter Include="소스 파일\백준_DFS/BFS">
      <UniqueIdentifier>{0c5e9965-3708-475d-8cef-c912e01f1d3b}</UniqueIdentifier>
    </Filter>
  </ItemGroup>
  <ItemGroup>
    <ClCompile Include="Baekjoon2741.cpp">
      <Filter>소스 파일</Filter>
    </ClCompile>
    <ClCompile Include="kmp.cpp">
      <Filter>소스 파일</Filter>
    </ClCompile>
    <ClCompile Include="Baekjoon2750.cpp">
      <Filter>소스 파일</Filter>
    </ClCompile>
    <ClCompile Include="Baekjoon9012.cpp">
      <Filter>소스 파일</Filter>
    </ClCompile>
    <ClCompile Include="Baekjoon2504.cpp">
      <Filter>소스 파일</Filter>
    </ClCompile>
    <ClCompile Include="CountAlphabet.cpp">
      <Filter>소스 파일</Filter>
    </ClCompile>
    <ClCompile Include="Baekjoon15686.cpp">
      <Filter>소스 파일</Filter>
    </ClCompile>
    <ClCompile Include="Baekjoon2557.cpp">
      <Filter>소스 파일\Baekjoon_STEP1</Filter>
    </ClCompile>
    <ClCompile Include="Baekjoon10718.cpp">
      <Filter>소스 파일\Baekjoon_STEP1</Filter>
    </ClCompile>
    <ClCompile Include="Baekjoon10171.cpp">
      <Filter>소스 파일\Baekjoon_STEP1</Filter>
    </ClCompile>
    <ClCompile Include="Baekjoon10172.cpp">
      <Filter>소스 파일\Baekjoon_STEP1</Filter>
    </ClCompile>
    <ClCompile Include="Baekjoon7287.cpp">
      <Filter>소스 파일\Baekjoon_STEP1</Filter>
    </ClCompile>
    <ClCompile Include="Baekjoon1000.cpp">
      <Filter>소스 파일\Baekjoon_STEP1</Filter>
    </ClCompile>
    <ClCompile Include="Baekjoon1001.cpp">
      <Filter>소스 파일\Baekjoon_STEP1</Filter>
    </ClCompile>
    <ClCompile Include="Baekjoon10998.cpp">
      <Filter>소스 파일\Baekjoon_STEP1</Filter>
    </ClCompile>
    <ClCompile Include="Baekjoon1008.cpp">
      <Filter>소스 파일\Baekjoon_STEP1</Filter>
    </ClCompile>
    <ClCompile Include="Baekjoon10869.cpp">
      <Filter>소스 파일\Baekjoon_STEP1</Filter>
    </ClCompile>
    <ClCompile Include="Baekjoon10430.cpp">
      <Filter>소스 파일\Baekjoon_STEP1</Filter>
    </ClCompile>
    <ClCompile Include="Baekjoon2588.cpp">
      <Filter>소스 파일\Baekjoon_STEP1</Filter>
    </ClCompile>
    <ClCompile Include="1.cpp">
      <Filter>소스 파일\CodingTest_L</Filter>
    </ClCompile>
    <ClCompile Include="2.cpp">
      <Filter>소스 파일\CodingTest_L</Filter>
    </ClCompile>
    <ClCompile Include="3.cpp">
      <Filter>소스 파일\CodingTest_L</Filter>
    </ClCompile>
    <ClCompile Include="4.cpp">
      <Filter>소스 파일\CodingTest_L</Filter>
    </ClCompile>
    <ClCompile Include="Baekjoon1330.cpp">
      <Filter>소스 파일\Baekjoon_STEP2</Filter>
    </ClCompile>
    <ClCompile Include="Baekjoon9498.cpp">
      <Filter>소스 파일\Baekjoon_STEP2</Filter>
    </ClCompile>
    <ClCompile Include="Baekjoon2753.cpp">
      <Filter>소스 파일\Baekjoon_STEP2</Filter>
    </ClCompile>
    <ClCompile Include="Baekjoon2884.cpp">
      <Filter>소스 파일\Baekjoon_STEP2</Filter>
    </ClCompile>
    <ClCompile Include="Baekjoon10817.cpp">
      <Filter>소스 파일\Baekjoon_STEP2</Filter>
    </ClCompile>
    <ClCompile Include="Baekjoon2739.cpp">
      <Filter>소스 파일\Baekjoon_STEP3</Filter>
    </ClCompile>
    <ClCompile Include="Baekjoon10950.cpp">
      <Filter>소스 파일\Baekjoon_STEP3</Filter>
    </ClCompile>
    <ClCompile Include="Baekjoon8393.cpp">
      <Filter>소스 파일\Baekjoon_STEP3</Filter>
    </ClCompile>
    <ClCompile Include="Baekjoon15552.cpp">
      <Filter>소스 파일\Baekjoon_STEP3</Filter>
    </ClCompile>
    <ClCompile Include="Baekjoon2741_2.cpp">
      <Filter>소스 파일\Baekjoon_STEP3</Filter>
    </ClCompile>
    <ClCompile Include="Baekjoon2742.cpp">
      <Filter>소스 파일\Baekjoon_STEP3</Filter>
    </ClCompile>
    <ClCompile Include="Baekjoon11021.cpp">
      <Filter>소스 파일\Baekjoon_STEP3</Filter>
    </ClCompile>
    <ClCompile Include="Baekjoon11022.cpp">
      <Filter>소스 파일\Baekjoon_STEP3</Filter>
    </ClCompile>
    <ClCompile Include="Baekjoon2438.cpp">
      <Filter>소스 파일\Baekjoon_STEP3</Filter>
    </ClCompile>
    <ClCompile Include="Baekjoon2439.cpp">
      <Filter>소스 파일\Baekjoon_STEP3</Filter>
    </ClCompile>
    <ClCompile Include="Baekjoon10871.cpp">
      <Filter>소스 파일\Baekjoon_STEP3</Filter>
    </ClCompile>
    <ClCompile Include="Baekjoon10952.cpp">
      <Filter>소스 파일\Baekjoon_STEP4</Filter>
    </ClCompile>
    <ClCompile Include="Baekjoon10951.cpp">
      <Filter>소스 파일\Baekjoon_STEP4</Filter>
    </ClCompile>
    <ClCompile Include="Baekjoon1110.cpp">
      <Filter>소스 파일\Baekjoon_STEP4</Filter>
    </ClCompile>
    <ClCompile Include="Baekjoon10818.cpp">
      <Filter>소스 파일\Baekjoon_STEP5</Filter>
    </ClCompile>
    <ClCompile Include="Baekjoon2562.cpp">
      <Filter>소스 파일\Baekjoon_STEP5</Filter>
    </ClCompile>
    <ClCompile Include="Baekjoon2920.cpp">
      <Filter>소스 파일\Baekjoon_STEP5</Filter>
    </ClCompile>
    <ClCompile Include="Baekjoon2577.cpp">
      <Filter>소스 파일\Baekjoon_STEP5</Filter>
    </ClCompile>
    <ClCompile Include="Baekjoon3052.cpp">
      <Filter>소스 파일\Baekjoon_STEP5</Filter>
    </ClCompile>
    <ClCompile Include="Baekjoon1546.cpp">
      <Filter>소스 파일\Baekjoon_STEP5</Filter>
    </ClCompile>
    <ClCompile Include="Baekjoon8958.cpp">
      <Filter>소스 파일\Baekjoon_STEP5</Filter>
    </ClCompile>
    <ClCompile Include="Baekjoon4344.cpp">
      <Filter>소스 파일\Baekjoon_STEP5</Filter>
    </ClCompile>
    <ClCompile Include="완주하지못한선수.cpp">
      <Filter>소스 파일\프로그래머스_Level1</Filter>
    </ClCompile>
    <ClCompile Include="주식가격.cpp">
      <Filter>소스 파일\프로그래머스_Level2</Filter>
    </ClCompile>
    <ClCompile Include="2xn타일링.cpp">
      <Filter>소스 파일\프로그래머스_Level3</Filter>
    </ClCompile>
    <ClCompile Include="예상대진표.cpp">
      <Filter>소스 파일\프로그래머스_Level2</Filter>
    </ClCompile>
    <ClCompile Include="숫자게임.cpp">
      <Filter>소스 파일\프로그래머스_Level3</Filter>
    </ClCompile>
    <ClCompile Include="15596.cpp">
      <Filter>소스 파일\Baekjoon_STEP6</Filter>
    </ClCompile>
    <ClCompile Include="영어끝말잇기.cpp">
      <Filter>소스 파일\프로그래머스_Level2</Filter>
    </ClCompile>
    <ClCompile Include="기지국설치.cpp">
      <Filter>소스 파일\프로그래머스_Level3</Filter>
    </ClCompile>
    <ClCompile Include="모의고사.cpp">
      <Filter>소스 파일\프로그래머스_Level1</Filter>
    </ClCompile>
    <ClCompile Include="탑.cpp">
      <Filter>소스 파일\프로그래머스_Level2</Filter>
    </ClCompile>
    <ClCompile Include="기지국설치2.cpp">
      <Filter>소스 파일\프로그래머스_Level3</Filter>
    </ClCompile>
    <ClCompile Include="기지국설치_조혜영.cpp">
      <Filter>소스 파일\프로그래머스_Level3</Filter>
    </ClCompile>
    <ClCompile Include="3xn타일링.cpp">
      <Filter>소스 파일\프로그래머스_Level4</Filter>
    </ClCompile>
    <ClCompile Include="전화번호목록.cpp">
      <Filter>소스 파일\프로그래머스_Level2</Filter>
    </ClCompile>
    <ClCompile Include="위장.cpp">
      <Filter>소스 파일\프로그래머스_Level2</Filter>
    </ClCompile>
    <ClCompile Include="프린터.cpp">
      <Filter>소스 파일\프로그래머스_Level2</Filter>
    </ClCompile>
    <ClCompile Include="기능개발.cpp">
      <Filter>소스 파일\프로그래머스_Level2</Filter>
    </ClCompile>
    <ClCompile Include="더맵게1.cpp">
      <Filter>소스 파일\프로그래머스_Level2</Filter>
    </ClCompile>
    <ClCompile Include="더맵게2(100점).cpp">
      <Filter>소스 파일\프로그래머스_Level2</Filter>
    </ClCompile>
    <ClCompile Include="라면공장_힙_level2.cpp">
      <Filter>소스 파일\프로그래머스_Level2</Filter>
    </ClCompile>
    <ClCompile Include="디스크정렬_힙_level3.cpp">
      <Filter>소스 파일\프로그래머스_Level3</Filter>
    </ClCompile>
    <ClCompile Include="단속카메라.cpp">
      <Filter>소스 파일\프로그래머스_Level3</Filter>
    </ClCompile>
    <ClCompile Include="저울(실패).cpp">
      <Filter>소스 파일\프로그래머스_Level3</Filter>
    </ClCompile>
    <ClCompile Include="저울(성공).cpp">
      <Filter>소스 파일\프로그래머스_Level3</Filter>
    </ClCompile>
    <ClCompile Include="섬연결하기(실패).cpp">
      <Filter>소스 파일\프로그래머스_Level3</Filter>
    </ClCompile>
    <ClCompile Include="섬연결하기(성공).cpp">
      <Filter>소스 파일\프로그래머스_Level3</Filter>
    </ClCompile>
    <ClCompile Include="등굣길.cpp">
      <Filter>소스 파일\프로그래머스_Level3</Filter>
    </ClCompile>
    <ClCompile Include="타겟넘버.cpp">
      <Filter>소스 파일\프로그래머스_Level2</Filter>
    </ClCompile>
    <ClCompile Include="네트워크.cpp">
      <Filter>소스 파일\프로그래머스_Level3</Filter>
    </ClCompile>
    <ClCompile Include="단어변환%28실패%29.cpp">
      <Filter>소스 파일\프로그래머스_Level3</Filter>
    </ClCompile>
    <ClCompile Include="여행경로%28실패%29.cpp">
      <Filter>소스 파일\프로그래머스_Level3</Filter>
    </ClCompile>
    <ClCompile Include="예산.cpp">
      <Filter>소스 파일\프로그래머스_Level3</Filter>
    </ClCompile>
    <ClCompile Include="입국심사.cpp">
      <Filter>소스 파일\프로그래머스_Level3</Filter>
    </ClCompile>
    <ClCompile Include="시험감독%2813458%29.cpp">
      <Filter>소스 파일\백준_삼성SW역량테스트기출</Filter>
    </ClCompile>
    <ClCompile Include="퇴사(14501).cpp">
      <Filter>소스 파일\백준_삼성SW역량테스트기출</Filter>
    </ClCompile>
    <ClCompile Include="DFS와BFS(1260).cpp">
      <Filter>소스 파일\백준_DFS/BFS</Filter>
    </ClCompile>
    <ClCompile Include="바이러스(2606).cpp">
      <Filter>소스 파일\백준_DFS/BFS</Filter>
    </ClCompile>
    <ClCompile Include="단지번호붙이기(2667).cpp">
      <Filter>소스 파일\백준_DFS/BFS</Filter>
    </ClCompile>
    <ClCompile Include="유기농배추(1012).cpp">
      <Filter>소스 파일\백준_DFS/BFS</Filter>
    </ClCompile>
    <ClCompile Include="미로탐색.cpp">
      <Filter>소스 파일\백준_DFS/BFS</Filter>
    </ClCompile>
    <ClCompile Include="토마토(7576).cpp">
      <Filter>소스 파일\백준_DFS/BFS</Filter>
    </ClCompile>
    <ClCompile Include="토마토(7569).cpp">
      <Filter>소스 파일\백준_DFS/BFS</Filter>
    </ClCompile>
    <ClCompile Include="숨박꼭질.cpp">
      <Filter>소스 파일\백준_DFS/BFS</Filter>
    </ClCompile>
  </ItemGroup>
</Project>